Microsoft Visual Studio Solution File, Format Version 12.00
# Visual Studio Version 17
VisualStudioVersion = 17.5.2.0
MinimumVisualStudioVersion = 10.0.40219.1
Project("{2150E333-8FDC-42A3-9474-1A3956D46DE8}") = "dot", "dot", "{040772B8-15C4-557B-6027-E42BC241E7A9}"
EndProject
Project("{FAE04EC0-301F-11D3-BF4B-00C04F79EFBC}") = "main", "dot\main\main.csproj", "{110A45CC-9F6E-9905-51E5-5B2BE6C16CAC}"
EndProject
Global
	GlobalSection(SolutionConfigurationPlatforms) = preSolution
		Debug|Any CPU = Debug|Any CPU
		Release|Any CPU = Release|Any CPU
	EndGlobalSection
	GlobalSection(ProjectConfigurationPlatforms) = postSolution
		{110A45CC-9F6E-9905-51E5-5B2BE6C16CAC}.Debug|Any CPU.ActiveCfg = Debug|Any CPU
		{110A45CC-9F6E-9905-51E5-5B2BE6C16CAC}.Debug|Any CPU.Build.0 = Debug|Any CPU
		{110A45CC-9F6E-9905-51E5-5B2BE6C16CAC}.Release|Any CPU.ActiveCfg = Release|Any CPU
		{110A45CC-9F6E-9905-51E5-5B2BE6C16CAC}.Release|Any CPU.Build.0 = Release|Any CPU
	EndGlobalSection
	GlobalSection(SolutionProperties) = preSolution
		HideSolutionNode = FALSE
	EndGlobalSection
	GlobalSection(NestedProjects) = preSolution
		{110A45CC-9F6E-9905-51E5-5B2BE6C16CAC} = {040772B8-15C4-557B-6027-E42BC241E7A9}
	EndGlobalSection
	GlobalSection(ExtensibilityGlobals) = postSolution
		SolutionGuid = {3E843D09-FEDA-4B83-B917-75EA0CBA1B07}
	EndGlobalSection
EndGlobal
